
Microsoft Visual Studio Solution File, Format Version 11.00
# Visual Studio 2010
Project("{FAE04EC0-301F-11D3-BF4B-00C04F79EFBC}") = "GalleryServer", "GalleryServer.csproj", "{DB77492F-8188-4E8E-9B6D-A0D3A2C3697B}"
EndProject
Project("{FAE04EC0-301F-11D3-BF4B-00C04F79EFBC}") = "MetaDataExtractor", "MetaDataExtractorCSharp240d\MetaDataExtractor.csproj", "{B46F6C6C-9184-41AF-8F8B-E0084752CA7C}"
EndProject
Global
	GlobalSection(SolutionConfigurationPlatforms) = preSolution
		Debug|x86 = Debug|x86
		Release|x86 = Release|x86
	EndGlobalSection
	GlobalSection(ProjectConfigurationPlatforms) = postSolution
		{B46F6C6C-9184-41AF-8F8B-E0084752CA7C}.Debug|x86.ActiveCfg = Debug|Any CPU
		{B46F6C6C-9184-41AF-8F8B-E0084752CA7C}.Debug|x86.Build.0 = Debug|Any CPU
		{B46F6C6C-9184-41AF-8F8B-E0084752CA7C}.Release|x86.ActiveCfg = Release|Any CPU
		{B46F6C6C-9184-41AF-8F8B-E0084752CA7C}.Release|x86.Build.0 = Release|Any CPU
		{DB77492F-8188-4E8E-9B6D-A0D3A2C3697B}.Debug|x86.ActiveCfg = Debug|x86
		{DB77492F-8188-4E8E-9B6D-A0D3A2C3697B}.Debug|x86.Build.0 = Debug|x86
		{DB77492F-8188-4E8E-9B6D-A0D3A2C3697B}.Release|x86.ActiveCfg = Release|x86
		{DB77492F-8188-4E8E-9B6D-A0D3A2C3697B}.Release|x86.Build.0 = Release|x86
	EndGlobalSection
	GlobalSection(MonoDevelopProperties) = preSolution
		StartupItem = GalleryServer.csproj
	EndGlobalSection
EndGlobal
